
Microsoft Visual Studio Solution File, Format Version 12.00
# Visual Studio Version 16
VisualStudioVersion = 16.0.30621.155
MinimumVisualStudioVersion = 10.0.40219.1
Project("{FAE04EC0-301F-11D3-BF4B-00C04F79EFBC}") = "MovieStore", "MovieStore.csproj", "{CDD48B10-7F0D-4989-B127-3AE8E1923CBC}"
EndProject
Global
	GlobalSection(SolutionConfigurationPlatforms) = preSolution
		Debug|Any CPU = Debug|Any CPU
		Release|Any CPU = Release|Any CPU
	EndGlobalSection
	GlobalSection(ProjectConfigurationPlatforms) = postSolution
		{CDD48B10-7F0D-4989-B127-3AE8E1923CBC}.Debug|Any CPU.ActiveCfg = Debug|Any CPU
		{CDD48B10-7F0D-4989-B127-3AE8E1923CBC}.Debug|Any CPU.Build.0 = Debug|Any CPU
		{CDD48B10-7F0D-4989-B127-3AE8E1923CBC}.Release|Any CPU.ActiveCfg = Release|Any CPU
		{CDD48B10-7F0D-4989-B127-3AE8E1923CBC}.Release|Any CPU.Build.0 = Release|Any CPU
	EndGlobalSection
	GlobalSection(SolutionProperties) = preSolution
		HideSolutionNode = FALSE
	EndGlobalSection
	GlobalSection(ExtensibilityGlobals) = postSolution
		SolutionGuid = {89F9CECD-1EF3-420F-9C99-2FB21CD5A58A}
	EndGlobalSection
EndGlobal
